lockfileVersion: '9.0'

settings:
  autoInstallPeers: true
  excludeLinksFromLockfile: false

importers:

  .:
    dependencies:
      hardhat:
        specifier: 3.0.0-next.24
        version: 3.0.0-next.24
    devDependencies:
      '@openzeppelin/contracts':
        specifier: 4.5.0
        version: 4.5.0
      '@types/node':
        specifier: ^22.14.0
        version: 22.15.33
      forge-std:
        specifier: github:foundry-rs/forge-std#v1.9.4
        version: https://codeload.github.com/foundry-rs/forge-std/tar.gz/1eea5bae12ae557d589f9f0f0edae2faa47cb262
      pkg_with_exports_1:
        specifier: file:../test_packages/pkg_with_exports_1
        version: file:../test_packages/pkg_with_exports_1
      pkg_with_exports_2:
        specifier: file:../test_packages/pkg_with_exports_2
        version: file:../test_packages/pkg_with_exports_2
      pkg_without_exports_1:
        specifier: file:../test_packages/pkg_without_exports_1
        version: file:../test_packages/pkg_without_exports_1
      pkg_without_exports_2:
        specifier: file:../test_packages/pkg_without_exports_2
        version: file:../test_packages/pkg_without_exports_2
      typescript:
        specifier: ~5.5.4
        version: 5.5.4

packages:

  '@esbuild/aix-ppc64@0.25.5':
    resolution: {integrity: sha512-9o3TMmpmftaCMepOdA5k/yDw8SfInyzWWTjYTFCX3kPSDJMROQTb8jg+h9Cnwnmm1vOzvxN7gIfB5V2ewpjtGA==}
    engines: {node: '>=18'}
    cpu: [ppc64]
    os: [aix]

  '@esbuild/android-arm64@0.25.5':
    resolution: {integrity: sha512-VGzGhj4lJO+TVGV1v8ntCZWJktV7SGCs3Pn1GRWI1SBFtRALoomm8k5E9Pmwg3HOAal2VDc2F9+PM/rEY6oIDg==}
    engines: {node: '>=18'}
    cpu: [arm64]
    os: [android]

  '@esbuild/android-arm@0.25.5':
    resolution: {integrity: sha512-AdJKSPeEHgi7/ZhuIPtcQKr5RQdo6OO2IL87JkianiMYMPbCtot9fxPbrMiBADOWWm3T2si9stAiVsGbTQFkbA==}
    engines: {node: '>=18'}
    cpu: [arm]
    os: [android]

  '@esbuild/android-x64@0.25.5':
    resolution: {integrity: sha512-D2GyJT1kjvO//drbRT3Hib9XPwQeWd9vZoBJn+bu/lVsOZ13cqNdDeqIF/xQ5/VmWvMduP6AmXvylO/PIc2isw==}
    engines: {node: '>=18'}
    cpu: [x64]
    os: [android]

  '@esbuild/darwin-arm64@0.25.5':
    resolution: {integrity: sha512-GtaBgammVvdF7aPIgH2jxMDdivezgFu6iKpmT+48+F8Hhg5J/sfnDieg0aeG/jfSvkYQU2/pceFPDKlqZzwnfQ==}
    engines: {node: '>=18'}
    cpu: [arm64]
    os: [darwin]

  '@esbuild/darwin-x64@0.25.5':
    resolution: {integrity: sha512-1iT4FVL0dJ76/q1wd7XDsXrSW+oLoquptvh4CLR4kITDtqi2e/xwXwdCVH8hVHU43wgJdsq7Gxuzcs6Iq/7bxQ==}
    engines: {node: '>=18'}
    cpu: [x64]
    os: [darwin]

  '@esbuild/freebsd-arm64@0.25.5':
    resolution: {integrity: sha512-nk4tGP3JThz4La38Uy/gzyXtpkPW8zSAmoUhK9xKKXdBCzKODMc2adkB2+8om9BDYugz+uGV7sLmpTYzvmz6Sw==}
    engines: {node: '>=18'}
    cpu: [arm64]
    os: [freebsd]

  '@esbuild/freebsd-x64@0.25.5':
    resolution: {integrity: sha512-PrikaNjiXdR2laW6OIjlbeuCPrPaAl0IwPIaRv+SMV8CiM8i2LqVUHFC1+8eORgWyY7yhQY+2U2fA55mBzReaw==}
    engines: {node: '>=18'}
    cpu: [x64]
    os: [freebsd]

  '@esbuild/linux-arm64@0.25.5':
    resolution: {integrity: sha512-Z9kfb1v6ZlGbWj8EJk9T6czVEjjq2ntSYLY2cw6pAZl4oKtfgQuS4HOq41M/BcoLPzrUbNd+R4BXFyH//nHxVg==}
    engines: {node: '>=18'}
    cpu: [arm64]
    os: [linux]

  '@esbuild/linux-arm@0.25.5':
    resolution: {integrity: sha512-cPzojwW2okgh7ZlRpcBEtsX7WBuqbLrNXqLU89GxWbNt6uIg78ET82qifUy3W6OVww6ZWobWub5oqZOVtwolfw==}
    engines: {node: '>=18'}
    cpu: [arm]
    os: [linux]

  '@esbuild/linux-ia32@0.25.5':
    resolution: {integrity: sha512-sQ7l00M8bSv36GLV95BVAdhJ2QsIbCuCjh/uYrWiMQSUuV+LpXwIqhgJDcvMTj+VsQmqAHL2yYaasENvJ7CDKA==}
    engines: {node: '>=18'}
    cpu: [ia32]
    os: [linux]

  '@esbuild/linux-loong64@0.25.5':
    resolution: {integrity: sha512-0ur7ae16hDUC4OL5iEnDb0tZHDxYmuQyhKhsPBV8f99f6Z9KQM02g33f93rNH5A30agMS46u2HP6qTdEt6Q1kg==}
    engines: {node: '>=18'}
    cpu: [loong64]
    os: [linux]

  '@esbuild/linux-mips64el@0.25.5':
    resolution: {integrity: sha512-kB/66P1OsHO5zLz0i6X0RxlQ+3cu0mkxS3TKFvkb5lin6uwZ/ttOkP3Z8lfR9mJOBk14ZwZ9182SIIWFGNmqmg==}
    engines: {node: '>=18'}
    cpu: [mips64el]
    os: [linux]

  '@esbuild/linux-ppc64@0.25.5':
    resolution: {integrity: sha512-UZCmJ7r9X2fe2D6jBmkLBMQetXPXIsZjQJCjgwpVDz+YMcS6oFR27alkgGv3Oqkv07bxdvw7fyB71/olceJhkQ==}
    engines: {node: '>=18'}
    cpu: [ppc64]
    os: [linux]

  '@esbuild/linux-riscv64@0.25.5':
    resolution: {integrity: sha512-kTxwu4mLyeOlsVIFPfQo+fQJAV9mh24xL+y+Bm6ej067sYANjyEw1dNHmvoqxJUCMnkBdKpvOn0Ahql6+4VyeA==}
    engines: {node: '>=18'}
    cpu: [riscv64]
    os: [linux]

  '@esbuild/linux-s390x@0.25.5':
    resolution: {integrity: sha512-K2dSKTKfmdh78uJ3NcWFiqyRrimfdinS5ErLSn3vluHNeHVnBAFWC8a4X5N+7FgVE1EjXS1QDZbpqZBjfrqMTQ==}
    engines: {node: '>=18'}
    cpu: [s390x]
    os: [linux]

  '@esbuild/linux-x64@0.25.5':
    resolution: {integrity: sha512-uhj8N2obKTE6pSZ+aMUbqq+1nXxNjZIIjCjGLfsWvVpy7gKCOL6rsY1MhRh9zLtUtAI7vpgLMK6DxjO8Qm9lJw==}
    engines: {node: '>=18'}
    cpu: [x64]
    os: [linux]

  '@esbuild/netbsd-arm64@0.25.5':
    resolution: {integrity: sha512-pwHtMP9viAy1oHPvgxtOv+OkduK5ugofNTVDilIzBLpoWAM16r7b/mxBvfpuQDpRQFMfuVr5aLcn4yveGvBZvw==}
    engines: {node: '>=18'}
    cpu: [arm64]
    os: [netbsd]

  '@esbuild/netbsd-x64@0.25.5':
    resolution: {integrity: sha512-WOb5fKrvVTRMfWFNCroYWWklbnXH0Q5rZppjq0vQIdlsQKuw6mdSihwSo4RV/YdQ5UCKKvBy7/0ZZYLBZKIbwQ==}
    engines: {node: '>=18'}
    cpu: [x64]
    os: [netbsd]

  '@esbuild/openbsd-arm64@0.25.5':
    resolution: {integrity: sha512-7A208+uQKgTxHd0G0uqZO8UjK2R0DDb4fDmERtARjSHWxqMTye4Erz4zZafx7Di9Cv+lNHYuncAkiGFySoD+Mw==}
    engines: {node: '>=18'}
    cpu: [arm64]
    os: [openbsd]

  '@esbuild/openbsd-x64@0.25.5':
    resolution: {integrity: sha512-G4hE405ErTWraiZ8UiSoesH8DaCsMm0Cay4fsFWOOUcz8b8rC6uCvnagr+gnioEjWn0wC+o1/TAHt+It+MpIMg==}
    engines: {node: '>=18'}
    cpu: [x64]
    os: [openbsd]

  '@esbuild/sunos-x64@0.25.5':
    resolution: {integrity: sha512-l+azKShMy7FxzY0Rj4RCt5VD/q8mG/e+mDivgspo+yL8zW7qEwctQ6YqKX34DTEleFAvCIUviCFX1SDZRSyMQA==}
    engines: {node: '>=18'}
    cpu: [x64]
    os: [sunos]

  '@esbuild/win32-arm64@0.25.5':
    resolution: {integrity: sha512-O2S7SNZzdcFG7eFKgvwUEZ2VG9D/sn/eIiz8XRZ1Q/DO5a3s76Xv0mdBzVM5j5R639lXQmPmSo0iRpHqUUrsxw==}
    engines: {node: '>=18'}
    cpu: [arm64]
    os: [win32]

  '@esbuild/win32-ia32@0.25.5':
    resolution: {integrity: sha512-onOJ02pqs9h1iMJ1PQphR+VZv8qBMQ77Klcsqv9CNW2w6yLqoURLcgERAIurY6QE63bbLuqgP9ATqajFLK5AMQ==}
    engines: {node: '>=18'}
    cpu: [ia32]
    os: [win32]

  '@esbuild/win32-x64@0.25.5':
    resolution: {integrity: sha512-TXv6YnJ8ZMVdX+SXWVBo/0p8LTcrUYngpWjvm91TMjjBQii7Oz11Lw5lbDV5Y0TzuhSJHwiH4hEtC1I42mMS0g==}
    engines: {node: '>=18'}
    cpu: [x64]
    os: [win32]

  '@ignored/edr-optimism-darwin-arm64@0.13.0-alpha.6':
    resolution: {integrity: sha512-axmysWxVDvvppIfHdWATWFeUGs0o17pD3skvAMS1yNJwnDm53C4b2UftQqbGDvLuMWVLypmTY9oEC8vyD4QCQA==}
    engines: {node: '>= 18'}

  '@ignored/edr-optimism-darwin-x64@0.13.0-alpha.6':
    resolution: {integrity: sha512-Mh5ZzNdP2NPuMY/7srzZH/UQCYTSZUu/erPeaWvCIEDIpGP6D8IRs+/7Uj/CBdR+IJwV5i+DcaKEirAcH5T44w==}
    engines: {node: '>= 18'}

  '@ignored/edr-optimism-linux-arm64-gnu@0.13.0-alpha.6':
    resolution: {integrity: sha512-REu57Vz8ldAV7ck8JDRLEoN7+sOTmmZ+Ujx2oxqXYn5oEd1ZWXEd5zF36mqGlNHRqTPNwWhZmvFgObFWmfg92g==}
    engines: {node: '>= 18'}

  '@ignored/edr-optimism-linux-arm64-musl@0.13.0-alpha.6':
    resolution: {integrity: sha512-fJxv6A2NwDj4YsjPvB0W343z+eoJ+RVZLCCANCCPpy84OeqZDFkFVaKdvVUJv9yuI3BBOnIIGFdlc/zkavyl6A==}
    engines: {node: '>= 18'}

  '@ignored/edr-optimism-linux-x64-gnu@0.13.0-alpha.6':
    resolution: {integrity: sha512-4+iLjlCNb8uk8n/i51FWK4t/pJZRxJN7/sxPZkz2uSkg6OL82jjQQqbyn0bNgfKKJObRn0++QAZ+Iz052DR7bw==}
    engines: {node: '>= 18'}

  '@ignored/edr-optimism-linux-x64-musl@0.13.0-alpha.6':
    resolution: {integrity: sha512-YCnPHemYur1CqV4aLOFRY79n6hEiKZgHywg8OmRSrfItAQlmZq2NGpVwyEz7WKYMhmIpDCb/+BSJpOVcG+O1qA==}
    engines: {node: '>= 18'}

  '@ignored/edr-optimism-win32-x64-msvc@0.13.0-alpha.6':
    resolution: {integrity: sha512-iSM5QJnFKpenzhqk5OcqJsiNhajGG2eiq//axNjkmKmxlQ+BlTMNDYvfHxacGaZUoiJMb479fRx7sWeMHnrZlw==}
    engines: {node: '>= 18'}

  '@ignored/edr-optimism@0.13.0-alpha.6':
    resolution: {integrity: sha512-n13L9UUp+8sD3HtYOBsd40M2RdJ7amHfaXi+LRjpi4BGD4zjMGKxINYf1cZxYm2vsB5hZHkpdtaRKHfVdPwCrA==}
    engines: {node: '>= 18'}

  '@noble/curves@1.4.2':
    resolution: {integrity: sha512-TavHr8qycMChk8UwMld0ZDRvatedkzWfH8IiaeGCfymOP5i0hSCozz9vHOL0nkwk7HRMlFnAiKpS2jrUmSybcw==}

  '@noble/curves@1.8.2':
    resolution: {integrity: sha512-vnI7V6lFNe0tLAuJMu+2sX+FcL14TaCWy1qiczg1VwRmPrpQCdq5ESXQMqUc2tluRNf6irBXrWbl1mGN8uaU/g==}
    engines: {node: ^14.21.3 || >=16}

  '@noble/hashes@1.4.0':
    resolution: {integrity: sha512-V1JJ1WTRUqHHrOSh597hURcMqVKVGL/ea3kv0gSnEdsEZ0/+VyPghM1lMNGc00z7CIQorSvbKpuJkxvuHbvdbg==}
    engines: {node: '>= 16'}

  '@noble/hashes@1.7.2':
    resolution: {integrity: sha512-biZ0NUSxyjLLqo6KxEJ1b+C2NAx0wtDoFvCaXHGgUkeHzf3Xc1xKumFKREuT7f7DARNZ/slvYUwFG6B0f2b6hQ==}
    engines: {node: ^14.21.3 || >=16}

  '@nomicfoundation/hardhat-errors@3.0.0-next.24':
    resolution: {integrity: sha512-Kg2TxkaL/L9MgxbmM1A2gOtAMAo8NU9KPhiDDWd5SWr7/XGZRw0d41P3W2J3vQbfMCJoixoYmMQknZLHnCcEwA==}

  '@nomicfoundation/hardhat-utils@3.0.0-next.24':
    resolution: {integrity: sha512-iaG8Y6mepkheVcqcwDH/jH8/kV6eaJIzzVJIP7Jj8XB6KUj7QeIMesNX5HA6OuDuT5Ct74o4AhH6AM6BWKtSTQ==}

  '@nomicfoundation/hardhat-zod-utils@3.0.0-next.24':
    resolution: {integrity: sha512-NOBgAeOWJLfd8W7Ls2WKon6xIMHTQnjRkdG8RCiu1TxfCr/ZZsvS30J2vjaG/r31sqMESEzOmhCGL3n8S5gSkg==}
    peerDependencies:
      zod: ^3.23.8

  '@nomicfoundation/solidity-analyzer-darwin-arm64@0.1.2':
    resolution: {integrity: sha512-JaqcWPDZENCvm++lFFGjrDd8mxtf+CtLd2MiXvMNTBD33dContTZ9TWETwNFwg7JTJT5Q9HEecH7FA+HTSsIUw==}
    engines: {node: '>= 12'}

  '@nomicfoundation/solidity-analyzer-darwin-x64@0.1.2':
    resolution: {integrity: sha512-fZNmVztrSXC03e9RONBT+CiksSeYcxI1wlzqyr0L7hsQlK1fzV+f04g2JtQ1c/Fe74ZwdV6aQBdd6Uwl1052sw==}
    engines: {node: '>= 12'}

  '@nomicfoundation/solidity-analyzer-linux-arm64-gnu@0.1.2':
    resolution: {integrity: sha512-3d54oc+9ZVBuB6nbp8wHylk4xh0N0Gc+bk+/uJae+rUgbOBwQSfuGIbAZt1wBXs5REkSmynEGcqx6DutoK0tPA==}
    engines: {node: '>= 12'}

  '@nomicfoundation/solidity-analyzer-linux-arm64-musl@0.1.2':
    resolution: {integrity: sha512-iDJfR2qf55vgsg7BtJa7iPiFAsYf2d0Tv/0B+vhtnI16+wfQeTbP7teookbGvAo0eJo7aLLm0xfS/GTkvHIucA==}
    engines: {node: '>= 12'}

  '@nomicfoundation/solidity-analyzer-linux-x64-gnu@0.1.2':
    resolution: {integrity: sha512-9dlHMAt5/2cpWyuJ9fQNOUXFB/vgSFORg1jpjX1Mh9hJ/MfZXlDdHQ+DpFCs32Zk5pxRBb07yGvSHk9/fezL+g==}
    engines: {node: '>= 12'}

  '@nomicfoundation/solidity-analyzer-linux-x64-musl@0.1.2':
    resolution: {integrity: sha512-GzzVeeJob3lfrSlDKQw2bRJ8rBf6mEYaWY+gW0JnTDHINA0s2gPR4km5RLIj1xeZZOYz4zRw+AEeYgLRqB2NXg==}
    engines: {node: '>= 12'}

  '@nomicfoundation/solidity-analyzer-win32-x64-msvc@0.1.2':
    resolution: {integrity: sha512-Fdjli4DCcFHb4Zgsz0uEJXZ2K7VEO+w5KVv7HmT7WO10iODdU9csC2az4jrhEsRtiR9Gfd74FlG0NYlw1BMdyA==}
    engines: {node: '>= 12'}

  '@nomicfoundation/solidity-analyzer@0.1.2':
    resolution: {integrity: sha512-q4n32/FNKIhQ3zQGGw5CvPF6GTvDCpYwIf7bEY/dZTZbgfDsHyjJwURxUJf3VQuuJj+fDIFl4+KkBVbw4Ef6jA==}
    engines: {node: '>= 12'}

  '@openzeppelin/contracts@4.5.0':
    resolution: {integrity: sha512-fdkzKPYMjrRiPK6K4y64e6GzULR7R7RwxSigHS8DDp7aWDeoReqsQI+cxHV1UuhAqX69L1lAaWDxenfP+xiqzA==}

  '@scure/base@1.1.9':
    resolution: {integrity: sha512-8YKhl8GHiNI/pU2VMaofa2Tor7PJRAjwQLBBuilkJ9L5+13yVbC7JO/wS7piioAvPSwR3JKM1IJ/u4xQzbcXKg==}

  '@scure/base@1.2.6':
    resolution: {integrity: sha512-g/nm5FgUa//MCj1gV09zTJTaM6KBAHqLN907YVQqf7zC49+DcO4B1so4ZX07Ef10Twr6nuqYEH9GEggFXA4Fmg==}

  '@scure/bip32@1.4.0':
    resolution: {integrity: sha512-sVUpc0Vq3tXCkDGYVWGIZTRfnvu8LoTDaev7vbwh0omSvVORONr960MQWdKqJDCReIEmTj3PAr73O3aoxz7OPg==}

  '@scure/bip39@1.3.0':
    resolution: {integrity: sha512-disdg7gHuTDZtY+ZdkmLpPCk7fxZSu3gBiEGuoC1XYxv9cGx3Z6cpTggCgW6odSOOIXCiDjuGejW+aJKCY/pIQ==}

  '@sentry/core@9.32.0':
    resolution: {integrity: sha512-1wAXMMmeY4Ny2MJBCuri3b4LMVPjqXdgbVgTxxipGW+gzPsjv+8+LCSnJAR/cRBr8JoXV+qGC2tE06rI1XDj3A==}
    engines: {node: '>=18'}

  '@streamparser/json-node@0.0.22':
    resolution: {integrity: sha512-sJT2ptNRwqB1lIsQrQlCoWk5rF4tif9wDh+7yluAGijJamAhrHGYpFB/Zg3hJeceoZypi74ftXk8DHzwYpbZSg==}

  '@streamparser/json@0.0.22':
    resolution: {integrity: sha512-b6gTSBjJ8G8SuO3Gbbj+zXbVx8NSs1EbpbMKpzGLWMdkR+98McH9bEjSz3+0mPJf68c5nxa3CrJHp5EQNXM6zQ==}

  '@types/node@22.15.33':
    resolution: {integrity: sha512-wzoocdnnpSxZ+6CjW4ADCK1jVmd1S/J3ArNWfn8FDDQtRm8dkDg7TA+mvek2wNrfCgwuZxqEOiB9B1XCJ6+dbw==}

  adm-zip@0.4.16:
    resolution: {integrity: sha512-TFi4HBKSGfIKsK5YCkKaaFG2m4PEDyViZmEwof3MTIgzimHLto6muaHVpbrljdIvIrFZzEq/p4nafOeLcYegrg==}
    engines: {node: '>=0.3.0'}

  ansi-colors@4.1.3:
    resolution: {integrity: sha512-/6w/C21Pm1A7aZitlI5Ni/2J6FFQN8i1Cvz3kHABAAbw93v/NlvKdVOqz7CCWz/3iv/JplRSEEZ83XION15ovw==}
    engines: {node: '>=6'}

  ansi-regex@5.0.1:
    resolution: {integrity: sha512-quJQXlTSUGL2LH9SUXo8VwsY4soanhgo6LNSm84E1LBcE8s3O0wpdiRzyR9z/ZZJMlMWv37qOOb9pdJlMUEKFQ==}
    engines: {node: '>=8'}

  chalk@5.4.1:
    resolution: {integrity: sha512-zgVZuo2WcZgfUEmsn6eO3kINexW8RAE4maiQ8QNs8CtpPCSyMiYsULR3HQYkm3w8FIA3SberyMJMSldGsW+U3w==}
    engines: {node: ^12.17.0 || ^14.13 || >=16.0.0}

  debug@4.4.1:
    resolution: {integrity: sha512-KcKCqiftBJcZr++7ykoDIEwSa3XWowTfNPo92BYxjXiyYEVrUQh2aLyhxBCwww+heortUFxEJYcRzosstTEBYQ==}
    engines: {node: '>=6.0'}
    peerDependencies:
      supports-color: '*'
    peerDependenciesMeta:
      supports-color:
        optional: true

  enquirer@2.4.1:
    resolution: {integrity: sha512-rRqJg/6gd538VHvR3PSrdRBb/1Vy2YfzHqzvbhGIQpDRKIa4FgV/54b5Q1xYSxOOwKvjXweS26E0Q+nAMwp2pQ==}
    engines: {node: '>=8.6'}

  env-paths@2.2.1:
    resolution: {integrity: sha512-+h1lkLKhZMTYjog1VEpJNG7NZJWcuc2DDk/qsqSTRRCOXiLjeQ1d1/udrUGhqMxUgAlwKNZ0cf2uqan5GLuS2A==}
    engines: {node: '>=6'}

  esbuild@0.25.5:
    resolution: {integrity: sha512-P8OtKZRv/5J5hhz0cUAdu/cLuPIKXpQl1R9pZtvmHWQvrAUVd0UNIPT4IB4W3rNOqVO0rlqHmCIbSwxh/c9yUQ==}
    engines: {node: '>=18'}
    hasBin: true

  ethereum-cryptography@2.2.1:
    resolution: {integrity: sha512-r/W8lkHSiTLxUxW8Rf3u4HGB0xQweG2RyETjywylKZSzLWoWAijRz8WCuOtJ6wah+avllXBqZuk29HCCvhEIRg==}

  fast-equals@5.2.2:
    resolution: {integrity: sha512-V7/RktU11J3I36Nwq2JnZEM7tNm17eBJz+u25qdxBZeCKiX6BkVSZQjwWIr+IobgnZy+ag73tTZgZi7tr0LrBw==}
    engines: {node: '>=6.0.0'}

  forge-std@https://codeload.github.com/foundry-rs/forge-std/tar.gz/1eea5bae12ae557d589f9f0f0edae2faa47cb262:
    resolution: {tarball: https://codeload.github.com/foundry-rs/forge-std/tar.gz/1eea5bae12ae557d589f9f0f0edae2faa47cb262}
    version: 1.9.4

  fsevents@2.3.3:
    resolution: {integrity: sha512-5xoDfX+fL7faATnagmWPpbFtwh/R77WmMMqqHGS65C3vvB0YHrgF+B1YmZ3441tMj5n63k0212XNoJwzlhffQw==}
    engines: {node: ^8.16.0 || ^10.6.0 || >=11.0.0}
    os: [darwin]

  get-tsconfig@4.10.1:
    resolution: {integrity: sha512-auHyJ4AgMz7vgS8Hp3N6HXSmlMdUyhSUrfBF16w153rxtLIEOE+HGqaBppczZvnHLqQJfiHotCYpNhl0lUROFQ==}

  hardhat@3.0.0-next.24:
    resolution: {integrity: sha512-dNQdIaCXUFEVhg0nf6b2IaJ7kH0mo00mpAmzHMH8QamSlnR9HmGgdgH7x6xB/Kkvn0ik/5dnuzBeK6xA7hzydA==}
    hasBin: true

  json-stream-stringify@3.1.6:
    resolution: {integrity: sha512-x7fpwxOkbhFCaJDJ8vb1fBY3DdSa4AlITaz+HHILQJzdPMnHEFjxPwVUi1ALIbcIxDE0PNe/0i7frnY8QnBQog==}
    engines: {node: '>=7.10.1'}

  micro-eth-signer@0.14.0:
    resolution: {integrity: sha512-5PLLzHiVYPWClEvZIXXFu5yutzpadb73rnQCpUqIHu3No3coFuWQNfE5tkBQJ7djuLYl6aRLaS0MgWJYGoqiBw==}

  micro-packed@0.7.3:
    resolution: {integrity: sha512-2Milxs+WNC00TRlem41oRswvw31146GiSaoCT7s3Xi2gMUglW5QBeqlQaZeHr5tJx9nm3i57LNXPqxOOaWtTYg==}

  ms@2.1.3:
    resolution: {integrity: sha512-6FlzubTLZG3J2a/NVCAleEhjzq5oxgHyaCU9yYXvcLsvoVaHJq/s5xXI6/XXP6tz7R9xAOtHnSO/tXtF3WRTlA==}

  p-map@7.0.3:
    resolution: {integrity: sha512-VkndIv2fIB99swvQoA65bm+fsmt6UNdGeIB0oxBs+WhAhdh08QA04JXpI7rbB9r08/nkbysKoya9rtDERYOYMA==}
    engines: {node: '>=18'}

  pkg_with_exports_1@file:../test_packages/pkg_with_exports_1:
    resolution: {directory: ../test_packages/pkg_with_exports_1, type: directory}

  pkg_with_exports_2@file:../test_packages/pkg_with_exports_2:
    resolution: {directory: ../test_packages/pkg_with_exports_2, type: directory}

  pkg_without_exports_1@file:../test_packages/pkg_without_exports_1:
    resolution: {directory: ../test_packages/pkg_without_exports_1, type: directory}

  pkg_without_exports_2@file:../test_packages/pkg_without_exports_2:
    resolution: {directory: ../test_packages/pkg_without_exports_2, type: directory}

  resolve-pkg-maps@1.0.0:
    resolution: {integrity: sha512-seS2Tj26TBVOC2NIc2rOe2y2ZO7efxITtLZcGSOnHHNOQ7CkiUBfw0Iw2ck6xkIhPwLhKNLS8BO+hEpngQlqzw==}

  resolve.exports@2.0.3:
    resolution: {integrity: sha512-OcXjMsGdhL4XnbShKpAcSqPMzQoYkYyhbEaeSko47MjRP9NfEQMhZkXL1DoFlt9LWQn4YttrdnV6X2OiyzBi+A==}
    engines: {node: '>=10'}

  rfdc@1.4.1:
    resolution: {integrity: sha512-q1b3N5QkRUWUl7iyylaaj3kOpIT0N2i9MqIEQXP73GVsN9cw3fdx8X63cEmWhJGi2PPCF23Ijp7ktmd39rawIA==}

  semver@7.7.2:
    resolution: {integrity: sha512-RF0Fw+rO5AMf9MAyaRXI4AV0Ulj5lMHqVxxdSgiVbixSCXoEmmX/jk0CuJw4+3SqroYO9VoUh+HcuJivvtJemA==}
    engines: {node: '>=10'}
    hasBin: true

  strip-ansi@6.0.1:
    resolution: {integrity: sha512-Y38VPSHcqkFrCpFnQ9vuSXmquuv5oXOKpGeT6aGrr3o3Gc9AlVa6JBfUSOCnbxGGZF+/0ooI7KrPuUSztUdU5A==}
    engines: {node: '>=8'}

  tsx@4.20.3:
    resolution: {integrity: sha512-qjbnuR9Tr+FJOMBqJCW5ehvIo/buZq7vH7qD7JziU98h6l3qGy0a/yPFjwO+y0/T7GFpNgNAvEcPPVfyT8rrPQ==}
    engines: {node: '>=18.0.0'}
    hasBin: true

  typescript@5.5.4:
    resolution: {integrity: sha512-Mtq29sKDAEYP7aljRgtPOpTvOfbwRWlS6dPRzwjdE+C0R4brX/GUyhHSecbHMFLNBLcJIPt9nl9yG5TZ1weH+Q==}
    engines: {node: '>=14.17'}
    hasBin: true

  undici-types@6.21.0:
    resolution: {integrity: sha512-iwDZqg0QAGrg9Rav5H4n0M64c3mkR59cJ6wQp+7C4nI0gsmExaedaYLNO44eT4AtBBwjbTiGPMlt2Md0T9H9JQ==}

  undici@6.21.3:
    resolution: {integrity: sha512-gBLkYIlEnSp8pFbT64yFgGE6UIB9tAkhukC23PmMDCe5Nd+cRqKxSjw5y54MK2AZMgZfJWMaNE4nYUHgi1XEOw==}
    engines: {node: '>=18.17'}

  ws@8.18.2:
    resolution: {integrity: sha512-DMricUmwGZUVr++AEAe2uiVM7UoO9MAVZMDu05UQOaUII0lp+zOzLLU4Xqh/JvTqklB1T4uELaaPBKyjE1r4fQ==}
    engines: {node: '>=10.0.0'}
    peerDependencies:
      bufferutil: ^4.0.1
      utf-8-validate: '>=5.0.2'
    peerDependenciesMeta:
      bufferutil:
        optional: true
      utf-8-validate:
        optional: true

  zod@3.25.67:
    resolution: {integrity: sha512-idA2YXwpCdqUSKRCACDE6ItZD9TZzy3OZMtpfLoh6oPR47lipysRrJfjzMqFxQ3uJuUPyUeWe1r9vLH33xO/Qw==}

snapshots:

  '@esbuild/aix-ppc64@0.25.5':
    optional: true

  '@esbuild/android-arm64@0.25.5':
    optional: true

  '@esbuild/android-arm@0.25.5':
    optional: true

  '@esbuild/android-x64@0.25.5':
    optional: true

  '@esbuild/darwin-arm64@0.25.5':
    optional: true

  '@esbuild/darwin-x64@0.25.5':
    optional: true

  '@esbuild/freebsd-arm64@0.25.5':
    optional: true

  '@esbuild/freebsd-x64@0.25.5':
    optional: true

  '@esbuild/linux-arm64@0.25.5':
    optional: true

  '@esbuild/linux-arm@0.25.5':
    optional: true

  '@esbuild/linux-ia32@0.25.5':
    optional: true

  '@esbuild/linux-loong64@0.25.5':
    optional: true

  '@esbuild/linux-mips64el@0.25.5':
    optional: true

  '@esbuild/linux-ppc64@0.25.5':
    optional: true

  '@esbuild/linux-riscv64@0.25.5':
    optional: true

  '@esbuild/linux-s390x@0.25.5':
    optional: true

  '@esbuild/linux-x64@0.25.5':
    optional: true

  '@esbuild/netbsd-arm64@0.25.5':
    optional: true

  '@esbuild/netbsd-x64@0.25.5':
    optional: true

  '@esbuild/openbsd-arm64@0.25.5':
    optional: true

  '@esbuild/openbsd-x64@0.25.5':
    optional: true

  '@esbuild/sunos-x64@0.25.5':
    optional: true

  '@esbuild/win32-arm64@0.25.5':
    optional: true

  '@esbuild/win32-ia32@0.25.5':
    optional: true

  '@esbuild/win32-x64@0.25.5':
    optional: true

  '@ignored/edr-optimism-darwin-arm64@0.13.0-alpha.6':
    optional: true

  '@ignored/edr-optimism-darwin-x64@0.13.0-alpha.6':
    optional: true

  '@ignored/edr-optimism-linux-arm64-gnu@0.13.0-alpha.6':
    optional: true

  '@ignored/edr-optimism-linux-arm64-musl@0.13.0-alpha.6':
    optional: true

  '@ignored/edr-optimism-linux-x64-gnu@0.13.0-alpha.6':
    optional: true

  '@ignored/edr-optimism-linux-x64-musl@0.13.0-alpha.6':
    optional: true

  '@ignored/edr-optimism-win32-x64-msvc@0.13.0-alpha.6':
    optional: true

  '@ignored/edr-optimism@0.13.0-alpha.6':
    optionalDependencies:
      '@ignored/edr-optimism-darwin-arm64': 0.13.0-alpha.6
      '@ignored/edr-optimism-darwin-x64': 0.13.0-alpha.6
      '@ignored/edr-optimism-linux-arm64-gnu': 0.13.0-alpha.6
      '@ignored/edr-optimism-linux-arm64-musl': 0.13.0-alpha.6
      '@ignored/edr-optimism-linux-x64-gnu': 0.13.0-alpha.6
      '@ignored/edr-optimism-linux-x64-musl': 0.13.0-alpha.6
      '@ignored/edr-optimism-win32-x64-msvc': 0.13.0-alpha.6

  '@noble/curves@1.4.2':
    dependencies:
      '@noble/hashes': 1.4.0

  '@noble/curves@1.8.2':
    dependencies:
      '@noble/hashes': 1.7.2

  '@noble/hashes@1.4.0': {}

  '@noble/hashes@1.7.2': {}

  '@nomicfoundation/hardhat-errors@3.0.0-next.24':
    dependencies:
      '@nomicfoundation/hardhat-utils': 3.0.0-next.24
    transitivePeerDependencies:
      - supports-color

  '@nomicfoundation/hardhat-utils@3.0.0-next.24':
    dependencies:
      '@streamparser/json-node': 0.0.22
      debug: 4.4.1
      env-paths: 2.2.1
      ethereum-cryptography: 2.2.1
      fast-equals: 5.2.2
      json-stream-stringify: 3.1.6
      rfdc: 1.4.1
      undici: 6.21.3
    transitivePeerDependencies:
      - supports-color

  '@nomicfoundation/hardhat-zod-utils@3.0.0-next.24(zod@3.25.67)':
    dependencies:
      '@nomicfoundation/hardhat-utils': 3.0.0-next.24
      zod: 3.25.67
    transitivePeerDependencies:
      - supports-color

  '@nomicfoundation/solidity-analyzer-darwin-arm64@0.1.2':
    optional: true

  '@nomicfoundation/solidity-analyzer-darwin-x64@0.1.2':
    optional: true

  '@nomicfoundation/solidity-analyzer-linux-arm64-gnu@0.1.2':
    optional: true

  '@nomicfoundation/solidity-analyzer-linux-arm64-musl@0.1.2':
    optional: true

  '@nomicfoundation/solidity-analyzer-linux-x64-gnu@0.1.2':
    optional: true

  '@nomicfoundation/solidity-analyzer-linux-x64-musl@0.1.2':
    optional: true

  '@nomicfoundation/solidity-analyzer-win32-x64-msvc@0.1.2':
    optional: true

  '@nomicfoundation/solidity-analyzer@0.1.2':
    optionalDependencies:
      '@nomicfoundation/solidity-analyzer-darwin-arm64': 0.1.2
      '@nomicfoundation/solidity-analyzer-darwin-x64': 0.1.2
      '@nomicfoundation/solidity-analyzer-linux-arm64-gnu': 0.1.2
      '@nomicfoundation/solidity-analyzer-linux-arm64-musl': 0.1.2
      '@nomicfoundation/solidity-analyzer-linux-x64-gnu': 0.1.2
      '@nomicfoundation/solidity-analyzer-linux-x64-musl': 0.1.2
      '@nomicfoundation/solidity-analyzer-win32-x64-msvc': 0.1.2

  '@openzeppelin/contracts@4.5.0': {}

  '@scure/base@1.1.9': {}

  '@scure/base@1.2.6': {}

  '@scure/bip32@1.4.0':
    dependencies:
      '@noble/curves': 1.4.2
      '@noble/hashes': 1.4.0
      '@scure/base': 1.1.9

  '@scure/bip39@1.3.0':
    dependencies:
      '@noble/hashes': 1.4.0
      '@scure/base': 1.1.9

  '@sentry/core@9.32.0': {}

  '@streamparser/json-node@0.0.22':
    dependencies:
      '@streamparser/json': 0.0.22

  '@streamparser/json@0.0.22': {}

  '@types/node@22.15.33':
    dependencies:
      undici-types: 6.21.0

  adm-zip@0.4.16: {}

  ansi-colors@4.1.3: {}

  ansi-regex@5.0.1: {}

  chalk@5.4.1: {}

  debug@4.4.1:
    dependencies:
      ms: 2.1.3

  enquirer@2.4.1:
    dependencies:
      ansi-colors: 4.1.3
      strip-ansi: 6.0.1

  env-paths@2.2.1: {}

  esbuild@0.25.5:
    optionalDependencies:
      '@esbuild/aix-ppc64': 0.25.5
      '@esbuild/android-arm': 0.25.5
      '@esbuild/android-arm64': 0.25.5
      '@esbuild/android-x64': 0.25.5
      '@esbuild/darwin-arm64': 0.25.5
      '@esbuild/darwin-x64': 0.25.5
      '@esbuild/freebsd-arm64': 0.25.5
      '@esbuild/freebsd-x64': 0.25.5
      '@esbuild/linux-arm': 0.25.5
      '@esbuild/linux-arm64': 0.25.5
      '@esbuild/linux-ia32': 0.25.5
      '@esbuild/linux-loong64': 0.25.5
      '@esbuild/linux-mips64el': 0.25.5
      '@esbuild/linux-ppc64': 0.25.5
      '@esbuild/linux-riscv64': 0.25.5
      '@esbuild/linux-s390x': 0.25.5
      '@esbuild/linux-x64': 0.25.5
      '@esbuild/netbsd-arm64': 0.25.5
      '@esbuild/netbsd-x64': 0.25.5
      '@esbuild/openbsd-arm64': 0.25.5
      '@esbuild/openbsd-x64': 0.25.5
      '@esbuild/sunos-x64': 0.25.5
      '@esbuild/win32-arm64': 0.25.5
      '@esbuild/win32-ia32': 0.25.5
      '@esbuild/win32-x64': 0.25.5

  ethereum-cryptography@2.2.1:
    dependencies:
      '@noble/curves': 1.4.2
      '@noble/hashes': 1.4.0
      '@scure/bip32': 1.4.0
      '@scure/bip39': 1.3.0

  fast-equals@5.2.2: {}

  forge-std@https://codeload.github.com/foundry-rs/forge-std/tar.gz/1eea5bae12ae557d589f9f0f0edae2faa47cb262: {}

  fsevents@2.3.3:
    optional: true

  get-tsconfig@4.10.1:
    dependencies:
      resolve-pkg-maps: 1.0.0

  hardhat@3.0.0-next.24:
    dependencies:
      '@ignored/edr-optimism': 0.13.0-alpha.6
      '@nomicfoundation/hardhat-errors': 3.0.0-next.24
      '@nomicfoundation/hardhat-utils': 3.0.0-next.24
      '@nomicfoundation/hardhat-zod-utils': 3.0.0-next.24(zod@3.25.67)
      '@nomicfoundation/solidity-analyzer': 0.1.2
      '@sentry/core': 9.32.0
      adm-zip: 0.4.16
      chalk: 5.4.1
      debug: 4.4.1
      enquirer: 2.4.1
      ethereum-cryptography: 2.2.1
      micro-eth-signer: 0.14.0
      p-map: 7.0.3
      resolve.exports: 2.0.3
      semver: 7.7.2
      tsx: 4.20.3
      ws: 8.18.2
      zod: 3.25.67
    transitivePeerDependencies:
      - bufferutil
      - supports-color
      - utf-8-validate

  json-stream-stringify@3.1.6: {}

  micro-eth-signer@0.14.0:
    dependencies:
      '@noble/curves': 1.8.2
      '@noble/hashes': 1.7.2
      micro-packed: 0.7.3

  micro-packed@0.7.3:
    dependencies:
      '@scure/base': 1.2.6

  ms@2.1.3: {}

  p-map@7.0.3: {}

  pkg_with_exports_1@file:../test_packages/pkg_with_exports_1:
    dependencies:
      pkg_with_exports_2: file:../test_packages/pkg_with_exports_2
      pkg_without_exports_1: file:../test_packages/pkg_without_exports_1

  pkg_with_exports_2@file:../test_packages/pkg_with_exports_2: {}

  pkg_without_exports_1@file:../test_packages/pkg_without_exports_1: {}

  pkg_without_exports_2@file:../test_packages/pkg_without_exports_2: {}

  resolve-pkg-maps@1.0.0: {}

  resolve.exports@2.0.3: {}

  rfdc@1.4.1: {}

  semver@7.7.2: {}

  strip-ansi@6.0.1:
    dependencies:
      ansi-regex: 5.0.1

  tsx@4.20.3:
    dependencies:
      esbuild: 0.25.5
      get-tsconfig: 4.10.1
    optionalDependencies:
      fsevents: 2.3.3

  typescript@5.5.4: {}

  undici-types@6.21.0: {}

  undici@6.21.3: {}

  ws@8.18.2: {}

  zod@3.25.67: {}
