{
  "name": "prettier2",
  "version": "1.0.0",
  "lockfileVersion": 3,
  "requires": true,
  "packages": {
    "": {
      "name": "prettier2",
      "version": "1.0.0",
      "dependencies": {
        "@types/prettier": "2.4.3",
        "prettier": "2.5.1",
        "prettier-plugin-solidity": "1.1.2"
      }
    },
    "node_modules/@solidity-parser/parser": {
      "version": "0.15.0",
      "resolved": "https://registry.npmjs.org/@solidity-parser/parser/-/parser-0.15.0.tgz",
      "integrity": "sha512-5UFJJTzWi1hgFk6aGCZ5rxG2DJkCJOzJ74qg7UkWSNCDSigW+CJLoYUb5bLiKrtI34Nr9rpFSUNHfkqtlL+N/w==",
      "license": "MIT",
      "dependencies": {
        "antlr4ts": "^0.5.0-alpha.4"
      }
    },
    "node_modules/@types/prettier": {
      "version": "2.4.3",
      "resolved": "https://registry.npmjs.org/@types/prettier/-/prettier-2.4.3.tgz",
      "integrity": "sha512-QzSuZMBuG5u8HqYz01qtMdg/Jfctlnvj1z/lYnIDXs/golxw0fxtRAHd9KrzjR7Yxz1qVeI00o0kiO3PmVdJ9w==",
      "license": "MIT"
    },
    "node_modules/antlr4ts": {
      "version": "0.5.0-alpha.4",
      "resolved": "https://registry.npmjs.org/antlr4ts/-/antlr4ts-0.5.0-alpha.4.tgz",
      "integrity": "sha512-WPQDt1B74OfPv/IMS2ekXAKkTZIHl88uMetg6q3OTqgFxZ/dxDXI0EWLyZid/1Pe6hTftyg5N7gel5wNAGxXyQ==",
      "license": "BSD-3-Clause"
    },
    "node_modules/prettier": {
      "version": "2.5.1",
      "resolved": "https://registry.npmjs.org/prettier/-/prettier-2.5.1.tgz",
      "integrity": "sha512-vBZcPRUR5MZJwoyi3ZoyQlc1rXeEck8KgeC9AwwOn+exuxLxq5toTRDTSaVrXHxelDMHy9zlicw8u66yxoSUFg==",
      "license": "MIT",
      "bin": {
        "prettier": "bin-prettier.js"
      },
      "engines": {
        "node": ">=10.13.0"
      }
    },
    "node_modules/prettier-plugin-solidity": {
      "version": "1.1.2",
      "resolved": "https://registry.npmjs.org/prettier-plugin-solidity/-/prettier-plugin-solidity-1.1.2.tgz",
      "integrity": "sha512-KC5oNbFJfyBaFiO0kl56J6AXnDmr9tUlBV1iqo864x4KQrKYKaBZvW9jhT2oC0NHoNp7/GoMJNxqL8pp8k7C/g==",
      "license": "MIT",
      "dependencies": {
        "@solidity-parser/parser": "^0.15.0",
        "semver": "^7.3.8",
        "solidity-comments-extractor": "^0.0.7"
      },
      "engines": {
        "node": ">=12"
      },
      "peerDependencies": {
        "prettier": ">=2.3.0 || >=3.0.0-alpha.0"
      }
    },
    "node_modules/semver": {
      "version": "7.7.1",
      "resolved": "https://registry.npmjs.org/semver/-/semver-7.7.1.tgz",
      "integrity": "sha512-hlq8tAfn0m/61p4BVRcPzIGr6LKiMwo4VM6dGi6pt4qcRkmNzTcWq6eCEjEh+qXjkMDvPlOFFSGwQjoEa6gyMA==",
      "license": "ISC",
      "bin": {
        "semver": "bin/semver.js"
      },
      "engines": {
        "node": ">=10"
      }
    },
    "node_modules/solidity-comments-extractor": {
      "version": "0.0.7",
      "resolved": "https://registry.npmjs.org/solidity-comments-extractor/-/solidity-comments-extractor-0.0.7.tgz",
      "integrity": "sha512-wciNMLg/Irp8OKGrh3S2tfvZiZ0NEyILfcRCXCD4mp7SgK/i9gzLfhY2hY7VMCQJ3kH9UB9BzNdibIVMchzyYw==",
      "license": "MIT"
    }
  }
}
