# THIS IS AN AUTOGENERATED FILE. DO NOT EDIT THIS FILE DIRECTLY.
# yarn lockfile v1


"@openzeppelin/contracts@^4.3.0":
  version "4.3.2"
  resolved "https://registry.yarnpkg.com/@openzeppelin/contracts/-/contracts-4.3.2.tgz#ff80affd6d352dbe1bbc5b4e1833c41afd6283b6"
  integrity sha512-AybF1cesONZStg5kWf6ao9OlqTZuPqddvprc0ky7lrUVOjXeKpmQ2Y9FK+6ygxasb+4aic4O5pneFBfwVsRRRg==
