{
  "name": "prettier3",
  "version": "1.0.0",
  "lockfileVersion": 3,
  "requires": true,
  "packages": {
    "": {
      "name": "prettier3",
      "version": "1.0.0",
      "dependencies": {
        "prettier": "3.4.2",
        "prettier-plugin-solidity": "2.0.0-beta.7"
      }
    },
    "node_modules/@bytecodealliance/preview2-shim": {
      "version": "0.17.1",
      "resolved": "https://registry.npmjs.org/@bytecodealliance/preview2-shim/-/preview2-shim-0.17.1.tgz",
      "integrity": "sha512-h1qLL0TN5KXk/zagY2BtbZuDX6xYjz4Br9RZXEa0ID4UpiPc0agUMhTdz9r89G4vX5SU/tqBg1A6UNv2+DJ5pg==",
      "license": "(Apache-2.0 WITH LLVM-exception)"
    },
    "node_modules/@nomicfoundation/slang": {
      "version": "0.19.0",
      "resolved": "https://registry.npmjs.org/@nomicfoundation/slang/-/slang-0.19.0.tgz",
      "integrity": "sha512-bOKJnc5/Q4Fbkm9OkaPItri81DGjZbzPeeGKbqUefPftEgGsFMtAqj+vSfT0fwGGuhoGXkGXk7SZ5oTpNE7xGg==",
      "license": "MIT",
      "dependencies": {
        "@bytecodealliance/preview2-shim": "0.17.1"
      }
    },
    "node_modules/@solidity-parser/parser": {
      "version": "0.19.0",
      "resolved": "https://registry.npmjs.org/@solidity-parser/parser/-/parser-0.19.0.tgz",
      "integrity": "sha512-RV16k/qIxW/wWc+mLzV3ARyKUaMUTBy9tOLMzFhtNSKYeTAanQ3a5MudJKf/8arIFnA2L27SNjarQKmFg0w/jA==",
      "license": "MIT"
    },
    "node_modules/prettier": {
      "version": "3.4.2",
      "resolved": "https://registry.npmjs.org/prettier/-/prettier-3.4.2.tgz",
      "integrity": "sha512-e9MewbtFo+Fevyuxn/4rrcDAaq0IYxPGLvObpQjiZBMAzB9IGmzlnG9RZy3FFas+eBMu2vA0CszMeduow5dIuQ==",
      "license": "MIT",
      "bin": {
        "prettier": "bin/prettier.cjs"
      },
      "engines": {
        "node": ">=14"
      },
      "funding": {
        "url": "https://github.com/prettier/prettier?sponsor=1"
      }
    },
    "node_modules/prettier-plugin-solidity": {
      "version": "2.0.0-beta.7",
      "resolved": "https://registry.npmjs.org/prettier-plugin-solidity/-/prettier-plugin-solidity-2.0.0-beta.7.tgz",
      "integrity": "sha512-3RMZe7sztj7V6C75Xc0jOeHcV5Rh0Dr/jJi6rb4gMV4Vjg3B0emnrGruUucMttp6wMyFrP1NJGW5SN6W/xzoHw==",
      "license": "MIT",
      "dependencies": {
        "@nomicfoundation/slang": "0.19.0",
        "@solidity-parser/parser": "^0.19.0",
        "semver": "^7.7.0"
      },
      "engines": {
        "node": ">=18"
      },
      "peerDependencies": {
        "prettier": ">=3.0.0"
      }
    },
    "node_modules/semver": {
      "version": "7.7.1",
      "resolved": "https://registry.npmjs.org/semver/-/semver-7.7.1.tgz",
      "integrity": "sha512-hlq8tAfn0m/61p4BVRcPzIGr6LKiMwo4VM6dGi6pt4qcRkmNzTcWq6eCEjEh+qXjkMDvPlOFFSGwQjoEa6gyMA==",
      "license": "ISC",
      "bin": {
        "semver": "bin/semver.js"
      },
      "engines": {
        "node": ">=10"
      }
    }
  }
}
